# This file is autogenerated, do not edit; changes may be undone by the next 'dep ensure'.


[[projects]]
  name = "github.com/disintegration/imaging"
  packages = ["."]
  revision = "a5858022df0e1734a59f973fffe3f87b51c087ed"
  version = "v1.2.1"

[[projects]]
  name = "github.com/pkg/errors"
  packages = ["."]
  revision = "645ef00459ed84a119197bfb8d8205042c6df63d"
  version = "v0.8.0"

[[projects]]
  branch = "master"
  name = "golang.org/x/image"
  packages = ["bmp","tiff","tiff/lzw"]
  revision = "e20db36d77bd0cb36cea8fe49d5c37d82d21591f"

[solve-meta]
  analyzer-name = "dep"
  analyzer-version = 1
  inputs-digest = "63a3f4c078c2a232f74ba63a11a4fc96a3c2d6fd35052a20c426e882d2a838bf"
  solver-name = "gps-cdcl"
  solver-version = 1
